<Solution>
  <Folder Name="/src/">
    <Project Path="src/GitPulse.App/GitPulse.App.csproj" />
    <Project Path="src/GitPulse.Core/GitPulse.Core.csproj" />
    <Project Path="src/GitPulse.GitHubApi/GitPulse.GitHubApi.csproj" />
    <Project Path="src/GitPulse.Services/GitPulse.Services.csproj" />
  </Folder>
  <Folder Name="/tests/">
    <Project Path="tests/GitPulse.Tests/GitPulse.Tests.csproj" />
  </Folder>
</Solution>
